{
    "_readme": [
        "This file locks the dependencies of your project to a known state",
        "Read more about it at https://getcomposer.org/doc/01-basic-usage.md#composer-lock-the-lock-file",
        "This file is @generated automatically"
    ],
    "content-hash": "8dfee9e9b0a3c82f09b66f31c951e0b6",
    "packages": [
        {
            "name": "http-interop/http-factory",
            "version": "0.3.0",
            "source": {
                "type": "git",
                "url": "https://github.com/http-interop/http-factory.git",
                "reference": "c2587cc0a6f74987fefb5b8074acfd32c69a4b0f"
            },
            "dist": {
                "type": "zip",
                "url": "https://api.github.com/repos/http-interop/http-factory/zipball/c2587cc0a6f74987fefb5b8074acfd32c69a4b0f",
                "reference": "c2587cc0a6f74987fefb5b8074acfd32c69a4b0f",
                "shasum": ""
            },
            "require": {
                "php": ">=5.3.0",
                "psr/http-message": "^1.0"
            },
            "type": "library",
            "extra": {
                "branch-alias": {
                    "dev-master": "1.0.x-dev"
                }
            },
            "autoload": {
                "psr-4": {
                    "Interop\\Http\\Factory\\": "src/"
                }
            },
            "notification-url": "https://packagist.org/downloads/",
            "license": [
                "MIT"
            ],
            "authors": [
                {
                    "name": "PHP-FIG",
                    "homepage": "http://www.php-fig.org/"
                }
            ],
            "description": "Common interface for HTTP message factories",
            "keywords": [
                "factory",
                "http",
                "message",
                "psr",
                "psr-17",
                "psr-7",
                "request",
                "response"
            ],
            "time": "2017-03-24T14:48:51+00:00"
        },
        {
            "name": "http-interop/http-factory-diactoros",
            "version": "0.3.0",
            "source": {
                "type": "git",
                "url": "https://github.com/http-interop/http-factory-diactoros.git",
                "reference": "60e10aa7d1788107d2b8d3080c70bb9debd9116f"
            },
            "dist": {
                "type": "zip",
                "url": "https://api.github.com/repos/http-interop/http-factory-diactoros/zipball/60e10aa7d1788107d2b8d3080c70bb9debd9116f",
                "reference": "60e10aa7d1788107d2b8d3080c70bb9debd9116f",
                "shasum": ""
            },
            "require": {
                "http-interop/http-factory": "^0.3",
                "zendframework/zend-diactoros": "^1.3"
            },
            "provide": {
                "psr/http-factory-implementation": "^1.0"
            },
            "require-dev": {
                "http-interop/http-factory-tests": "^0.3"
            },
            "type": "library",
            "autoload": {
                "psr-4": {
                    "Http\\Factory\\Diactoros\\": "src/"
                }
            },
            "notification-url": "https://packagist.org/downloads/",
            "license": [
                "MIT"
            ],
            "authors": [
                {
                    "name": "PHP-FIG",
                    "homepage": "http://www.php-fig.org/"
                }
            ],
            "description": "An HTTP Factory using Zend Diactoros",
            "keywords": [
                "factory",
                "http",
                "psr-17",
                "psr-7"
            ],
            "time": "2017-03-29T10:51:41+00:00"
        },
        {
            "name": "http-interop/http-middleware",
            "version": "0.4.1",
            "source": {
                "type": "git",
                "url": "https://github.com/http-interop/http-middleware.git",
                "reference": "9a801fe60e70d5d608b61d56b2dcde29516c81b9"
            },
            "dist": {
                "type": "zip",
                "url": "https://api.github.com/repos/http-interop/http-middleware/zipball/9a801fe60e70d5d608b61d56b2dcde29516c81b9",
                "reference": "9a801fe60e70d5d608b61d56b2dcde29516c81b9",
                "shasum": ""
            },
            "require": {
                "php": ">=5.3.0",
                "psr/http-message": "^1.0"
            },
            "type": "library",
            "extra": {
                "branch-alias": {
                    "dev-master": "1.0.x-dev"
                }
            },
            "autoload": {
                "psr-4": {
                    "Interop\\Http\\ServerMiddleware\\": "src/"
                }
            },
            "notification-url": "https://packagist.org/downloads/",
            "license": [
                "MIT"
            ],
            "authors": [
                {
                    "name": "PHP-FIG",
                    "homepage": "http://www.php-fig.org/"
                }
            ],
            "description": "Common interface for HTTP server-side middleware",
            "keywords": [
                "factory",
                "http",
                "middleware",
                "psr",
                "psr-17",
                "psr-7",
                "request",
                "response"
            ],
            "time": "2017-01-14T15:23:42+00:00"
        },
        {
            "name": "http-interop/response-sender",
            "version": "1.0.0",
            "source": {
                "type": "git",
                "url": "https://github.com/http-interop/response-sender.git",
                "reference": "fd63be06cd6c9216ef3c725af1a3f6b155eebc84"
            },
            "dist": {
                "type": "zip",
                "url": "https://api.github.com/repos/http-interop/response-sender/zipball/fd63be06cd6c9216ef3c725af1a3f6b155eebc84",
                "reference": "fd63be06cd6c9216ef3c725af1a3f6b155eebc84",
                "shasum": ""
            },
            "require": {
                "psr/http-message": "^1.0"
            },
            "require-dev": {
                "guzzlehttp/psr7": "^1.4",
                "php-mock/php-mock-phpunit": "^1.1",
                "phpunit/phpunit": "^5.6"
            },
            "type": "library",
            "autoload": {
                "files": [
                    "src/functions.php"
                ]
            },
            "notification-url": "https://packagist.org/downloads/",
            "license": [
                "MIT"
            ],
            "authors": [
                {
                    "name": "Woody Gilk",
                    "email": "woody.gilk@gmail.com"
                }
            ],
            "description": "A function to convert PSR-7 Response to HTTP output",
            "time": "2017-03-17T15:46:19+00:00"
        },
        {
            "name": "illuminate/container",
            "version": "v5.4.17",
            "source": {
                "type": "git",
                "url": "https://github.com/illuminate/container.git",
                "reference": "1fc0d2451e23d2ea73c10462d74add4767e2b74c"
            },
            "dist": {
                "type": "zip",
                "url": "https://api.github.com/repos/illuminate/container/zipball/1fc0d2451e23d2ea73c10462d74add4767e2b74c",
                "reference": "1fc0d2451e23d2ea73c10462d74add4767e2b74c",
                "shasum": ""
            },
            "require": {
                "illuminate/contracts": "5.4.*",
                "php": ">=5.6.4"
            },
            "type": "library",
            "extra": {
                "branch-alias": {
                    "dev-master": "5.4-dev"
                }
            },
            "autoload": {
                "psr-4": {
                    "Illuminate\\Container\\": ""
                }
            },
            "notification-url": "https://packagist.org/downloads/",
            "license": [
                "MIT"
            ],
            "authors": [
                {
                    "name": "Taylor Otwell",
                    "email": "taylor@laravel.com"
                }
            ],
            "description": "The Illuminate Container package.",
            "homepage": "https://laravel.com",
            "time": "2017-03-13T14:14:19+00:00"
        },
        {
            "name": "illuminate/contracts",
            "version": "v5.4.17",
            "source": {
                "type": "git",
                "url": "https://github.com/illuminate/contracts.git",
                "reference": "ab2825726bee46a67c8cc66789852189dbef74a9"
            },
            "dist": {
                "type": "zip",
                "url": "https://api.github.com/repos/illuminate/contracts/zipball/ab2825726bee46a67c8cc66789852189dbef74a9",
                "reference": "ab2825726bee46a67c8cc66789852189dbef74a9",
                "shasum": ""
            },
            "require": {
                "php": ">=5.6.4"
            },
            "type": "library",
            "extra": {
                "branch-alias": {
                    "dev-master": "5.4-dev"
                }
            },
            "autoload": {
                "psr-4": {
                    "Illuminate\\Contracts\\": ""
                }
            },
            "notification-url": "https://packagist.org/downloads/",
            "license": [
                "MIT"
            ],
            "authors": [
                {
                    "name": "Taylor Otwell",
                    "email": "taylor@laravel.com"
                }
            ],
            "description": "The Illuminate Contracts package.",
            "homepage": "https://laravel.com",
            "time": "2017-03-29T13:17:47+00:00"
        },
        {
            "name": "middlewares/utils",
            "version": "v0.11.0",
            "source": {
                "type": "git",
                "url": "https://github.com/middlewares/utils.git",
                "reference": "9e9b87f44feb9041ebf4946b437a978ec4b5c80c"
            },
            "dist": {
                "type": "zip",
                "url": "https://api.github.com/repos/middlewares/utils/zipball/9e9b87f44feb9041ebf4946b437a978ec4b5c80c",
                "reference": "9e9b87f44feb9041ebf4946b437a978ec4b5c80c",
                "shasum": ""
            },
            "require": {
                "http-interop/http-factory": "^0.3",
                "http-interop/http-middleware": "^0.4",
                "php": "^5.6 || ^7.0",
                "psr/http-message": "^1.0"
            },
            "require-dev": {
                "friendsofphp/php-cs-fixer": "^2.0",
                "guzzlehttp/psr7": "^1.3",
                "phpunit/phpunit": "^5.5",
                "psr/container": "^1.0",
                "slim/slim": "^3.5",
                "squizlabs/php_codesniffer": "^2.7",
                "zendframework/zend-diactoros": "^1.3"
            },
            "suggest": {
                "psr/container": "Can be used to automatically resolve callables"
            },
            "type": "library",
            "autoload": {
                "psr-4": {
                    "Middlewares\\Utils\\": "src/"
                }
            },
            "notification-url": "https://packagist.org/downloads/",
            "license": [
                "MIT"
            ],
            "description": "Common utils to create PSR-15 middleware packages",
            "homepage": "https://github.com/middlewares/utils",
            "keywords": [
                "PSR-11",
                "http",
                "middleware",
                "psr-15",
                "psr-7"
            ],
            "time": "2017-03-25T12:12:17+00:00"
        },
        {
            "name": "nikic/fast-route",
            "version": "v0.6.0",
            "source": {
                "type": "git",
                "url": "https://github.com/nikic/FastRoute.git",
                "reference": "31fa86924556b80735f98b294a7ffdfb26789f22"
            },
            "dist": {
                "type": "zip",
                "url": "https://api.github.com/repos/nikic/FastRoute/zipball/31fa86924556b80735f98b294a7ffdfb26789f22",
                "reference": "31fa86924556b80735f98b294a7ffdfb26789f22",
                "shasum": ""
            },
            "require": {
                "php": ">=5.4.0"
            },
            "type": "library",
            "autoload": {
                "psr-4": {
                    "FastRoute\\": "src/"
                },
                "files": [
                    "src/functions.php"
                ]
            },
            "notification-url": "https://packagist.org/downloads/",
            "license": [
                "BSD-3-Clause"
            ],
            "authors": [
                {
                    "name": "Nikita Popov",
                    "email": "nikic@php.net"
                }
            ],
            "description": "Fast request router for PHP",
            "keywords": [
                "router",
                "routing"
            ],
            "time": "2015-06-18T19:15:47+00:00"
        },
        {
            "name": "psr/container",
            "version": "1.0.0",
            "source": {
                "type": "git",
                "url": "https://github.com/php-fig/container.git",
                "reference": "b7ce3b176482dbbc1245ebf52b181af44c2cf55f"
            },
            "dist": {
                "type": "zip",
                "url": "https://api.github.com/repos/php-fig/container/zipball/b7ce3b176482dbbc1245ebf52b181af44c2cf55f",
                "reference": "b7ce3b176482dbbc1245ebf52b181af44c2cf55f",
                "shasum": ""
            },
            "require": {
                "php": ">=5.3.0"
            },
            "type": "library",
            "extra": {
                "branch-alias": {
                    "dev-master": "1.0.x-dev"
                }
            },
            "autoload": {
                "psr-4": {
                    "Psr\\Container\\": "src/"
                }
            },
            "notification-url": "https://packagist.org/downloads/",
            "license": [
                "MIT"
            ],
            "authors": [
                {
                    "name": "PHP-FIG",
                    "homepage": "http://www.php-fig.org/"
                }
            ],
            "description": "Common Container Interface (PHP FIG PSR-11)",
            "homepage": "https://github.com/php-fig/container",
            "keywords": [
                "PSR-11",
                "container",
                "container-interface",
                "container-interop",
                "psr"
            ],
            "time": "2017-02-14T16:28:37+00:00"
        },
        {
            "name": "psr/http-message",
            "version": "1.0.1",
            "source": {
                "type": "git",
                "url": "https://github.com/php-fig/http-message.git",
                "reference": "f6561bf28d520154e4b0ec72be95418abe6d9363"
            },
            "dist": {
                "type": "zip",
                "url": "https://api.github.com/repos/php-fig/http-message/zipball/f6561bf28d520154e4b0ec72be95418abe6d9363",
                "reference": "f6561bf28d520154e4b0ec72be95418abe6d9363",
                "shasum": ""
            },
            "require": {
                "php": ">=5.3.0"
            },
            "type": "library",
            "extra": {
                "branch-alias": {
                    "dev-master": "1.0.x-dev"
                }
            },
            "autoload": {
                "psr-4": {
                    "Psr\\Http\\Message\\": "src/"
                }
            },
            "notification-url": "https://packagist.org/downloads/",
            "license": [
                "MIT"
            ],
            "authors": [
                {
                    "name": "PHP-FIG",
                    "homepage": "http://www.php-fig.org/"
                }
            ],
            "description": "Common interface for HTTP messages",
            "homepage": "https://github.com/php-fig/http-message",
            "keywords": [
                "http",
                "http-message",
                "psr",
                "psr-7",
                "request",
                "response"
            ],
            "time": "2016-08-06T14:39:51+00:00"
        },
        {
            "name": "symfony/polyfill-mbstring",
            "version": "v1.3.0",
            "source": {
                "type": "git",
                "url": "https://github.com/symfony/polyfill-mbstring.git",
                "reference": "e79d363049d1c2128f133a2667e4f4190904f7f4"
            },
            "dist": {
                "type": "zip",
                "url": "https://api.github.com/repos/symfony/polyfill-mbstring/zipball/e79d363049d1c2128f133a2667e4f4190904f7f4",
                "reference": "e79d363049d1c2128f133a2667e4f4190904f7f4",
                "shasum": ""
            },
            "require": {
                "php": ">=5.3.3"
            },
            "suggest": {
                "ext-mbstring": "For best performance"
            },
            "type": "library",
            "extra": {
                "branch-alias": {
                    "dev-master": "1.3-dev"
                }
            },
            "autoload": {
                "psr-4": {
                    "Symfony\\Polyfill\\Mbstring\\": ""
                },
                "files": [
                    "bootstrap.php"
                ]
            },
            "notification-url": "https://packagist.org/downloads/",
            "license": [
                "MIT"
            ],
            "authors": [
                {
                    "name": "Nicolas Grekas",
                    "email": "p@tchwork.com"
                },
                {
                    "name": "Symfony Community",
                    "homepage": "https://symfony.com/contributors"
                }
            ],
            "description": "Symfony polyfill for the Mbstring extension",
            "homepage": "https://symfony.com",
            "keywords": [
                "compatibility",
                "mbstring",
                "polyfill",
                "portable",
                "shim"
            ],
            "time": "2016-11-14T01:06:16+00:00"
        },
        {
            "name": "twig/twig",
            "version": "v2.3.1",
            "source": {
                "type": "git",
                "url": "https://github.com/twigphp/Twig.git",
                "reference": "437efc435619c8e67acacda37b3984344854142c"
            },
            "dist": {
                "type": "zip",
                "url": "https://api.github.com/repos/twigphp/Twig/zipball/437efc435619c8e67acacda37b3984344854142c",
                "reference": "437efc435619c8e67acacda37b3984344854142c",
                "shasum": ""
            },
            "require": {
                "php": "^7.0",
                "symfony/polyfill-mbstring": "~1.0"
            },
            "require-dev": {
                "psr/container": "^1.0",
                "symfony/debug": "~2.7",
                "symfony/phpunit-bridge": "~3.3@dev"
            },
            "type": "library",
            "extra": {
                "branch-alias": {
                    "dev-master": "2.3-dev"
                }
            },
            "autoload": {
                "psr-0": {
                    "Twig_": "lib/"
                }
            },
            "notification-url": "https://packagist.org/downloads/",
            "license": [
                "BSD-3-Clause"
            ],
            "authors": [
                {
                    "name": "Fabien Potencier",
                    "email": "fabien@symfony.com",
                    "homepage": "http://fabien.potencier.org",
                    "role": "Lead Developer"
                },
                {
                    "name": "Armin Ronacher",
                    "email": "armin.ronacher@active-4.com",
                    "role": "Project Founder"
                },
                {
                    "name": "Twig Team",
                    "homepage": "http://twig.sensiolabs.org/contributors",
                    "role": "Contributors"
                }
            ],
            "description": "Twig, the flexible, fast, and secure template language for PHP",
            "homepage": "http://twig.sensiolabs.org",
            "keywords": [
                "templating"
            ],
            "time": "2017-04-18T21:50:11+00:00"
        },
        {
            "name": "zendframework/zend-diactoros",
            "version": "1.4.0",
            "source": {
                "type": "git",
                "url": "https://github.com/zendframework/zend-diactoros.git",
                "reference": "b03f285a333f51e58c95cce54109a4a9ed691436"
            },
            "dist": {
                "type": "zip",
                "url": "https://api.github.com/repos/zendframework/zend-diactoros/zipball/b03f285a333f51e58c95cce54109a4a9ed691436",
                "reference": "b03f285a333f51e58c95cce54109a4a9ed691436",
                "shasum": ""
            },
            "require": {
                "php": "^5.4 || ^7.0",
                "psr/http-message": "~1.0"
            },
            "provide": {
                "psr/http-message-implementation": "1.0"
            },
            "require-dev": {
                "ext-dom": "*",
                "ext-libxml": "*",
                "phpunit/phpunit": "^4.6 || ^5.5",
                "zendframework/zend-coding-standard": "~1.0.0"
            },
            "type": "library",
            "extra": {
                "branch-alias": {
                    "dev-master": "1.4-dev",
                    "dev-develop": "1.5-dev"
                }
            },
            "autoload": {
                "psr-4": {
                    "Zend\\Diactoros\\": "src/"
                }
            },
            "notification-url": "https://packagist.org/downloads/",
            "license": [
                "BSD-2-Clause"
            ],
            "description": "PSR HTTP Message implementations",
            "homepage": "https://github.com/zendframework/zend-diactoros",
            "keywords": [
                "http",
                "psr",
                "psr-7"
            ],
            "time": "2017-04-06T16:18:34+00:00"
        }
    ],
    "packages-dev": [],
    "aliases": [],
    "minimum-stability": "stable",
    "stability-flags": [],
    "prefer-stable": false,
    "prefer-lowest": false,
    "platform": [],
    "platform-dev": []
}
